{
  "nodes": {
    "disko": {
      "inputs": {
        "nixpkgs": "nixpkgs"
      },
      "locked": {
        "lastModified": 1710119954,
        "narHash": "sha256-e7AMYtBQgRzeRtn//k1dXu22xeiav+G0cQjm3gEky7o=",
        "owner": "nix-community",
        "repo": "disko",
        "rev": "d389901567d9ceda5a1a833fbf8e8e254e18eb0a",
        "type": "github"
      },
      "original": {
        "owner": "nix-community",
        "repo": "disko",
        "type": "github"
      }
    },
    "home-manager": {
      "inputs": {
        "nixpkgs": [
          "nixpkgs"
        ]
      },
      "locked": {
        "lastModified": 1706981411,
        "narHash": "sha256-cLbLPTL1CDmETVh4p0nQtvoF+FSEjsnJTFpTxhXywhQ=",
        "owner": "nix-community",
        "repo": "home-manager",
        "rev": "652fda4ca6dafeb090943422c34ae9145787af37",
        "type": "github"
      },
      "original": {
        "owner": "nix-community",
        "ref": "release-23.11",
        "repo": "home-manager",
        "type": "github"
      }
    },
    "nixpkgs": {
      "locked": {
        "lastModified": 1710097495,
        "narHash": "sha256-B7Ea7q7hU7SE8wOPJ9oXEBjvB89yl2csaLjf5v/7jr8=",
        "owner": "NixOS",
        "repo": "nixpkgs",
        "rev": "d40e866b1f98698d454dad8f592fe7616ff705a4",
        "type": "github"
      },
      "original": {
        "owner": "NixOS",
        "ref": "nixpkgs-unstable",
        "repo": "nixpkgs",
        "type": "github"
      }
    },
    "nixpkgs_2": {
      "locked": {
        "lastModified": 1710124834,
        "narHash": "sha256-NqgTJiWQuYy3c+Hl5VdvpfrvUp8CUrIWQERj9DvZVyU=",
        "owner": "nixos",
        "repo": "nixpkgs",
        "rev": "578084d1f55941b5091c72b3661166c280e6edb2",
        "type": "github"
      },
      "original": {
        "owner": "nixos",
        "ref": "release-23.11",
        "repo": "nixpkgs",
        "type": "github"
      }
    },
    "root": {
      "inputs": {
        "disko": "disko",
        "home-manager": "home-manager",
        "nixpkgs": "nixpkgs_2"
      }
    }
  },
  "root": "root",
  "version": 7
}
